
Microsoft Visual Studio Solution File, Format Version 12.00
# Visual Studio 15
VisualStudioVersion = 15.0.26124.0
MinimumVisualStudioVersion = 15.0.26124.0
Project("{FAE04EC0-301F-11D3-BF4B-00C04F79EFBC}") = "Domain", "Domain\Domain.csproj", "{4BDF9BFF-B799-43F5-B486-6612E88870B1}"
EndProject
Project("{FAE04EC0-301F-11D3-BF4B-00C04F79EFBC}") = "Application", "Application\Application.csproj", "{D18F4165-1BD4-45A1-B6C8-B372FD161B80}"
EndProject
Project("{FAE04EC0-301F-11D3-BF4B-00C04F79EFBC}") = "Persistence", "Persistence\Persistence.csproj", "{BB7CB4D1-0A44-4052-9BE2-18DF1B2A90DA}"
EndProject
Project("{FAE04EC0-301F-11D3-BF4B-00C04F79EFBC}") = "API", "API\API.csproj", "{315C8A64-0C2F-4A72-8CE2-FE43B4692FF7}"
EndProject
Global
	GlobalSection(SolutionConfigurationPlatforms) = preSolution
		Debug|Any CPU = Debug|Any CPU
		Debug|x64 = Debug|x64
		Debug|x86 = Debug|x86
		Release|Any CPU = Release|Any CPU
		Release|x64 = Release|x64
		Release|x86 = Release|x86
	EndGlobalSection
	GlobalSection(SolutionProperties) = preSolution
		HideSolutionNode = FALSE
	EndGlobalSection
	GlobalSection(ProjectConfigurationPlatforms) = postSolution
		{4BDF9BFF-B799-43F5-B486-6612E88870B1}.Debug|Any CPU.ActiveCfg = Debug|Any CPU
		{4BDF9BFF-B799-43F5-B486-6612E88870B1}.Debug|Any CPU.Build.0 = Debug|Any CPU
		{4BDF9BFF-B799-43F5-B486-6612E88870B1}.Debug|x64.ActiveCfg = Debug|Any CPU
		{4BDF9BFF-B799-43F5-B486-6612E88870B1}.Debug|x64.Build.0 = Debug|Any CPU
		{4BDF9BFF-B799-43F5-B486-6612E88870B1}.Debug|x86.ActiveCfg = Debug|Any CPU
		{4BDF9BFF-B799-43F5-B486-6612E88870B1}.Debug|x86.Build.0 = Debug|Any CPU
		{4BDF9BFF-B799-43F5-B486-6612E88870B1}.Release|Any CPU.ActiveCfg = Release|Any CPU
		{4BDF9BFF-B799-43F5-B486-6612E88870B1}.Release|Any CPU.Build.0 = Release|Any CPU
		{4BDF9BFF-B799-43F5-B486-6612E88870B1}.Release|x64.ActiveCfg = Release|Any CPU
		{4BDF9BFF-B799-43F5-B486-6612E88870B1}.Release|x64.Build.0 = Release|Any CPU
		{4BDF9BFF-B799-43F5-B486-6612E88870B1}.Release|x86.ActiveCfg = Release|Any CPU
		{4BDF9BFF-B799-43F5-B486-6612E88870B1}.Release|x86.Build.0 = Release|Any CPU
		{D18F4165-1BD4-45A1-B6C8-B372FD161B80}.Debug|Any CPU.ActiveCfg = Debug|Any CPU
		{D18F4165-1BD4-45A1-B6C8-B372FD161B80}.Debug|Any CPU.Build.0 = Debug|Any CPU
		{D18F4165-1BD4-45A1-B6C8-B372FD161B80}.Debug|x64.ActiveCfg = Debug|Any CPU
		{D18F4165-1BD4-45A1-B6C8-B372FD161B80}.Debug|x64.Build.0 = Debug|Any CPU
		{D18F4165-1BD4-45A1-B6C8-B372FD161B80}.Debug|x86.ActiveCfg = Debug|Any CPU
		{D18F4165-1BD4-45A1-B6C8-B372FD161B80}.Debug|x86.Build.0 = Debug|Any CPU
		{D18F4165-1BD4-45A1-B6C8-B372FD161B80}.Release|Any CPU.ActiveCfg = Release|Any CPU
		{D18F4165-1BD4-45A1-B6C8-B372FD161B80}.Release|Any CPU.Build.0 = Release|Any CPU
		{D18F4165-1BD4-45A1-B6C8-B372FD161B80}.Release|x64.ActiveCfg = Release|Any CPU
		{D18F4165-1BD4-45A1-B6C8-B372FD161B80}.Release|x64.Build.0 = Release|Any CPU
		{D18F4165-1BD4-45A1-B6C8-B372FD161B80}.Release|x86.ActiveCfg = Release|Any CPU
		{D18F4165-1BD4-45A1-B6C8-B372FD161B80}.Release|x86.Build.0 = Release|Any CPU
		{BB7CB4D1-0A44-4052-9BE2-18DF1B2A90DA}.Debug|Any CPU.ActiveCfg = Debug|Any CPU
		{BB7CB4D1-0A44-4052-9BE2-18DF1B2A90DA}.Debug|Any CPU.Build.0 = Debug|Any CPU
		{BB7CB4D1-0A44-4052-9BE2-18DF1B2A90DA}.Debug|x64.ActiveCfg = Debug|Any CPU
		{BB7CB4D1-0A44-4052-9BE2-18DF1B2A90DA}.Debug|x64.Build.0 = Debug|Any CPU
		{BB7CB4D1-0A44-4052-9BE2-18DF1B2A90DA}.Debug|x86.ActiveCfg = Debug|Any CPU
		{BB7CB4D1-0A44-4052-9BE2-18DF1B2A90DA}.Debug|x86.Build.0 = Debug|Any CPU
		{BB7CB4D1-0A44-4052-9BE2-18DF1B2A90DA}.Release|Any CPU.ActiveCfg = Release|Any CPU
		{BB7CB4D1-0A44-4052-9BE2-18DF1B2A90DA}.Release|Any CPU.Build.0 = Release|Any CPU
		{BB7CB4D1-0A44-4052-9BE2-18DF1B2A90DA}.Release|x64.ActiveCfg = Release|Any CPU
		{BB7CB4D1-0A44-4052-9BE2-18DF1B2A90DA}.Release|x64.Build.0 = Release|Any CPU
		{BB7CB4D1-0A44-4052-9BE2-18DF1B2A90DA}.Release|x86.ActiveCfg = Release|Any CPU
		{BB7CB4D1-0A44-4052-9BE2-18DF1B2A90DA}.Release|x86.Build.0 = Release|Any CPU
		{315C8A64-0C2F-4A72-8CE2-FE43B4692FF7}.Debug|Any CPU.ActiveCfg = Debug|Any CPU
		{315C8A64-0C2F-4A72-8CE2-FE43B4692FF7}.Debug|Any CPU.Build.0 = Debug|Any CPU
		{315C8A64-0C2F-4A72-8CE2-FE43B4692FF7}.Debug|x64.ActiveCfg = Debug|Any CPU
		{315C8A64-0C2F-4A72-8CE2-FE43B4692FF7}.Debug|x64.Build.0 = Debug|Any CPU
		{315C8A64-0C2F-4A72-8CE2-FE43B4692FF7}.Debug|x86.ActiveCfg = Debug|Any CPU
		{315C8A64-0C2F-4A72-8CE2-FE43B4692FF7}.Debug|x86.Build.0 = Debug|Any CPU
		{315C8A64-0C2F-4A72-8CE2-FE43B4692FF7}.Release|Any CPU.ActiveCfg = Release|Any CPU
		{315C8A64-0C2F-4A72-8CE2-FE43B4692FF7}.Release|Any CPU.Build.0 = Release|Any CPU
		{315C8A64-0C2F-4A72-8CE2-FE43B4692FF7}.Release|x64.ActiveCfg = Release|Any CPU
		{315C8A64-0C2F-4A72-8CE2-FE43B4692FF7}.Release|x64.Build.0 = Release|Any CPU
		{315C8A64-0C2F-4A72-8CE2-FE43B4692FF7}.Release|x86.ActiveCfg = Release|Any CPU
		{315C8A64-0C2F-4A72-8CE2-FE43B4692FF7}.Release|x86.Build.0 = Release|Any CPU
	EndGlobalSection
EndGlobal
